{
  "name": "vantage-lib",
  "version": "0.0.0",
  "lockfileVersion": 1,
  "requires": true,
  "dependencies": {
    "@types/node": {
      "version": "8.10.39",
      "resolved": "https://registry.npmjs.org/@types/node/-/node-8.10.39.tgz",
      "integrity": "sha512-rE7fktr02J8ybFf6eysife+WF+L4sAHWzw09DgdCebEu+qDwMvv4zl6Bc+825ttGZP73kCKxa3dhJOoGJ8+5mA==",
      "dev": true
    },
    "moment": {
      "version": "2.24.0",
      "resolved": "https://registry.npmjs.org/moment/-/moment-2.24.0.tgz",
      "integrity": "sha512-bV7f+6l2QigeBBZSM/6yTNq4P2fNpSWj/0e7jQcy87A8e7o2nAfP/34/2ky5Vw4B9S446EtIhodAzkFCcR4dQg=="
    }
  }
}
